// !$*UTF8*$!
{
	archiveVersion = 1;
	classes = {
	};
	objectVersion = 46;
	objects = {

/* Begin PBXBuildFile section */
		183224AE2859FCDD0054FE08 /* PlayerHeaderView.m in Sources */ = {isa = PBXBuildFile; fileRef = 183224AD2859FCDC0054FE08 /* PlayerHeaderView.m */; };
		18346ADC2833A263006D872E /* Main.storyboard in Resources */ = {isa = PBXBuildFile; fileRef = 18346ADB2833A263006D872E /* Main.storyboard */; };
		1852162A2869957B00922C88 /* btn_speaker_speaking.gif in Resources */ = {isa = PBXBuildFile; fileRef = 185216292869957B00922C88 /* btn_speaker_speaking.gif */; };
		1854706B287308DF00462F8A /* Player+RoomPlayer.m in Sources */ = {isa = PBXBuildFile; fileRef = 1854706A287308DF00462F8A /* Player+RoomPlayer.m */; };
		18639B3328349744000F071A /* UIColor+HWColor.m in Sources */ = {isa = PBXBuildFile; fileRef = 18639B2F28349744000F071A /* UIColor+HWColor.m */; };
		18639B37283497AC000F071A /* UIImage+HWColor.m in Sources */ = {isa = PBXBuildFile; fileRef = 18639B36283497AC000F071A /* UIImage+HWColor.m */; };
		18639B6728349855000F071A /* HWTools.m in Sources */ = {isa = PBXBuildFile; fileRef = 18639B6628349855000F071A /* HWTools.m */; };
		18639B8D283498A0000F071A /* LoginViewController.m in Sources */ = {isa = PBXBuildFile; fileRef = 18639B7C283498A0000F071A /* LoginViewController.m */; };
		18639B8E283498A0000F071A /* UserIdLoginView.m in Sources */ = {isa = PBXBuildFile; fileRef = 18639B7F283498A0000F071A /* UserIdLoginView.m */; };
		18639B8F283498A0000F071A /* LoginLogTableView.m in Sources */ = {isa = PBXBuildFile; fileRef = 18639B80283498A0000F071A /* LoginLogTableView.m */; };
		18639B90283498A0000F071A /* HWBaseViewController.m in Sources */ = {isa = PBXBuildFile; fileRef = 18639B84283498A0000F071A /* HWBaseViewController.m */; };
		188540C22834E23800CF4209 /* OperationViewController.m in Sources */ = {isa = PBXBuildFile; fileRef = 188540B32834E23800CF4209 /* OperationViewController.m */; };
		188540C32834E23800CF4209 /* RoomLogViewController.m in Sources */ = {isa = PBXBuildFile; fileRef = 188540B52834E23800CF4209 /* RoomLogViewController.m */; };
		188540C42834E23800CF4209 /* RoomPlayerListViewController.m in Sources */ = {isa = PBXBuildFile; fileRef = 188540B82834E23800CF4209 /* RoomPlayerListViewController.m */; };
		188540C52834E23800CF4209 /* OperationInitRoomView.m in Sources */ = {isa = PBXBuildFile; fileRef = 188540BA2834E23800CF4209 /* OperationInitRoomView.m */; };
		188540C62834E23800CF4209 /* PlayerListTableViewCell.m in Sources */ = {isa = PBXBuildFile; fileRef = 188540BC2834E23800CF4209 /* PlayerListTableViewCell.m */; };
		188540C72834E23800CF4209 /* OperationListView.m in Sources */ = {isa = PBXBuildFile; fileRef = 188540BD2834E23800CF4209 /* OperationListView.m */; };
		188540C82834E23800CF4209 /* OperationBottomButtonView.m in Sources */ = {isa = PBXBuildFile; fileRef = 188540BF2834E23800CF4209 /* OperationBottomButtonView.m */; };
		18D35345286316DA00126326 /* UITextField+HWTextField.m in Sources */ = {isa = PBXBuildFile; fileRef = 18D35344286316DA00126326 /* UITextField+HWTextField.m */; };
		18D3534928643EE700126326 /* HWAlertView.m in Sources */ = {isa = PBXBuildFile; fileRef = 18D3534828643EE700126326 /* HWAlertView.m */; };
		18D570BA2886461300BC3A82 /* HWSpeakButton.m in Sources */ = {isa = PBXBuildFile; fileRef = 18D570B92886461300BC3A82 /* HWSpeakButton.m */; };
		6003F598195388D20070C39A /* InfoPlist.strings in Resources */ = {isa = PBXBuildFile; fileRef = 6003F596195388D20070C39A /* InfoPlist.strings */; };
		6003F59A195388D20070C39A /* main.m in Sources */ = {isa = PBXBuildFile; fileRef = 6003F599195388D20070C39A /* main.m */; };
		6003F59E195388D20070C39A /* HWAppDelegate.m in Sources */ = {isa = PBXBuildFile; fileRef = 6003F59D195388D20070C39A /* HWAppDelegate.m */; };
		6003F5A9195388D20070C39A /* Images.xcassets in Resources */ = {isa = PBXBuildFile; fileRef = 6003F5A8195388D20070C39A /* Images.xcassets */; };
		6003F5BA195388D20070C39A /* InfoPlist.strings in Resources */ = {isa = PBXBuildFile; fileRef = 6003F5B8195388D20070C39A /* InfoPlist.strings */; };
		6003F5BC195388D20070C39A /* Tests.m in Sources */ = {isa = PBXBuildFile; fileRef = 6003F5BB195388D20070C39A /* Tests.m */; };
		602282E829232D9900AEAB4D /* HWVoiceAlertView.m in Sources */ = {isa = PBXBuildFile; fileRef = 602282E729232D9900AEAB4D /* HWVoiceAlertView.m */; };
		71719F9F1E33DC2100824A3D /* LaunchScreen.storyboard in Resources */ = {isa = PBXBuildFile; fileRef = 71719F9D1E33DC2100824A3D /* LaunchScreen.storyboard */; };
		A2A84A48196CD77DBDBE4D5F /* Pods_HWPGMEKit_Tests.framework in Frameworks */ = {isa = PBXBuildFile; fileRef = 99A4C142E758A2E6FC1F9E2C /* Pods_HWPGMEKit_Tests.framework */; };
		C6012777284D936A006AC748 /* Pods_HWPGMEKit_Example.framework in Frameworks */ = {isa = PBXBuildFile; fileRef = 429EFB0C51245FF162107522 /* Pods_HWPGMEKit_Example.framework */; };
		C653057E283B309B00E8714C /* RoomIdList.m in Sources */ = {isa = PBXBuildFile; fileRef = C653057C283B309B00E8714C /* RoomIdList.m */; };
		C6530582283B311500E8714C /* HWDropDownMenu.m in Sources */ = {isa = PBXBuildFile; fileRef = C6530580283B311500E8714C /* HWDropDownMenu.m */; };
		C69AA72328791B740097D5BD /* HWPGMEDelegate.m in Sources */ = {isa = PBXBuildFile; fileRef = C69AA72228791B740097D5BD /* HWPGMEDelegate.m */; };
/* End PBXBuildFile section */

/* Begin PBXContainerItemProxy section */
		6003F5B3195388D20070C39A /* PBXContainerItemProxy */ = {
			isa = PBXContainerItemProxy;
			containerPortal = 6003F582195388D10070C39A /* Project object */;
			proxyType = 1;
			remoteGlobalIDString = 6003F589195388D20070C39A;
			remoteInfo = HWPGMEKit;
		};
/* End PBXContainerItemProxy section */

/* Begin PBXCopyFilesBuildPhase section */
		B7ADFFE62A088D8C0052E83A /* CopyFiles */ = {
			isa = PBXCopyFilesBuildPhase;
			buildActionMask = 2147483647;
			dstPath = "";
			dstSubfolderSpec = 10;
			files = (
			);
			runOnlyForDeploymentPostprocessing = 0;
		};
		C69AA713287702030097D5BD /* Embed Frameworks */ = {
			isa = PBXCopyFilesBuildPhase;
			buildActionMask = 2147483647;
			dstPath = "";
			dstSubfolderSpec = 10;
			files = (
			);
			name = "Embed Frameworks";
			runOnlyForDeploymentPostprocessing = 0;
		};
/* End PBXCopyFilesBuildPhase section */

/* Begin PBXFileReference section */
		183224AC2859FCDC0054FE08 /* PlayerHeaderView.h */ = {isa = PBXFileReference; fileEncoding = 4; lastKnownFileType = sourcecode.c.h; path = PlayerHeaderView.h; sourceTree = "<group>"; };
		183224AD2859FCDC0054FE08 /* PlayerHeaderView.m */ = {isa = PBXFileReference; fileEncoding = 4; lastKnownFileType = sourcecode.c.objc; path = PlayerHeaderView.m; sourceTree = "<group>"; };
		18346ADB2833A263006D872E /* Main.storyboard */ = {isa = PBXFileReference; fileEncoding = 4; lastKnownFileType = file.storyboard; path = Main.storyboard; sourceTree = "<group>"; };
		185216292869957B00922C88 /* btn_speaker_speaking.gif */ = {isa = PBXFileReference; lastKnownFileType = image.gif; path = btn_speaker_speaking.gif; sourceTree = "<group>"; };
		18547069287308DF00462F8A /* Player+RoomPlayer.h */ = {isa = PBXFileReference; lastKnownFileType = sourcecode.c.h; path = "Player+RoomPlayer.h"; sourceTree = "<group>"; };
		1854706A287308DF00462F8A /* Player+RoomPlayer.m */ = {isa = PBXFileReference; lastKnownFileType = sourcecode.c.objc; path = "Player+RoomPlayer.m"; sourceTree = "<group>"; };
		18639B2F28349744000F071A /* UIColor+HWColor.m */ = {isa = PBXFileReference; fileEncoding = 4; lastKnownFileType = sourcecode.c.objc; path = "UIColor+HWColor.m"; sourceTree = "<group>"; };
		18639B3128349744000F071A /* UIColor+HWColor.h */ = {isa = PBXFileReference; fileEncoding = 4; lastKnownFileType = sourcecode.c.h; path = "UIColor+HWColor.h"; sourceTree = "<group>"; };
		18639B35283497AC000F071A /* UIImage+HWColor.h */ = {isa = PBXFileReference; lastKnownFileType = sourcecode.c.h; path = "UIImage+HWColor.h"; sourceTree = "<group>"; };
		18639B36283497AC000F071A /* UIImage+HWColor.m */ = {isa = PBXFileReference; lastKnownFileType = sourcecode.c.objc; path = "UIImage+HWColor.m"; sourceTree = "<group>"; };
		18639B6528349855000F071A /* HWTools.h */ = {isa = PBXFileReference; lastKnownFileType = sourcecode.c.h; path = HWTools.h; sourceTree = "<group>"; };
		18639B6628349855000F071A /* HWTools.m */ = {isa = PBXFileReference; lastKnownFileType = sourcecode.c.objc; path = HWTools.m; sourceTree = "<group>"; };
		18639B7C283498A0000F071A /* LoginViewController.m */ = {isa = PBXFileReference; fileEncoding = 4; lastKnownFileType = sourcecode.c.objc; path = LoginViewController.m; sourceTree = "<group>"; };
		18639B7D283498A0000F071A /* LoginViewController.h */ = {isa = PBXFileReference; fileEncoding = 4; lastKnownFileType = sourcecode.c.h; path = LoginViewController.h; sourceTree = "<group>"; };
		18639B7F283498A0000F071A /* UserIdLoginView.m */ = {isa = PBXFileReference; fileEncoding = 4; lastKnownFileType = sourcecode.c.objc; path = UserIdLoginView.m; sourceTree = "<group>"; };
		18639B80283498A0000F071A /* LoginLogTableView.m */ = {isa = PBXFileReference; fileEncoding = 4; lastKnownFileType = sourcecode.c.objc; path = LoginLogTableView.m; sourceTree = "<group>"; };
		18639B81283498A0000F071A /* UserIdLoginView.h */ = {isa = PBXFileReference; fileEncoding = 4; lastKnownFileType = sourcecode.c.h; path = UserIdLoginView.h; sourceTree = "<group>"; };
		18639B82283498A0000F071A /* LoginLogTableView.h */ = {isa = PBXFileReference; fileEncoding = 4; lastKnownFileType = sourcecode.c.h; path = LoginLogTableView.h; sourceTree = "<group>"; };
		18639B84283498A0000F071A /* HWBaseViewController.m */ = {isa = PBXFileReference; fileEncoding = 4; lastKnownFileType = sourcecode.c.objc; path = HWBaseViewController.m; sourceTree = "<group>"; };
		18639B85283498A0000F071A /* HWBaseViewController.h */ = {isa = PBXFileReference; fileEncoding = 4; lastKnownFileType = sourcecode.c.h; path = HWBaseViewController.h; sourceTree = "<group>"; };
		188540B32834E23800CF4209 /* OperationViewController.m */ = {isa = PBXFileReference; fileEncoding = 4; lastKnownFileType = sourcecode.c.objc; path = OperationViewController.m; sourceTree = "<group>"; };
		188540B42834E23800CF4209 /* RoomPlayerListViewController.h */ = {isa = PBXFileReference; fileEncoding = 4; lastKnownFileType = sourcecode.c.h; path = RoomPlayerListViewController.h; sourceTree = "<group>"; };
		188540B52834E23800CF4209 /* RoomLogViewController.m */ = {isa = PBXFileReference; fileEncoding = 4; lastKnownFileType = sourcecode.c.objc; path = RoomLogViewController.m; sourceTree = "<group>"; };
		188540B62834E23800CF4209 /* OperationViewController.h */ = {isa = PBXFileReference; fileEncoding = 4; lastKnownFileType = sourcecode.c.h; path = OperationViewController.h; sourceTree = "<group>"; };
		188540B72834E23800CF4209 /* RoomLogViewController.h */ = {isa = PBXFileReference; fileEncoding = 4; lastKnownFileType = sourcecode.c.h; path = RoomLogViewController.h; sourceTree = "<group>"; };
		188540B82834E23800CF4209 /* RoomPlayerListViewController.m */ = {isa = PBXFileReference; fileEncoding = 4; lastKnownFileType = sourcecode.c.objc; path = RoomPlayerListViewController.m; sourceTree = "<group>"; };
		188540BA2834E23800CF4209 /* OperationInitRoomView.m */ = {isa = PBXFileReference; fileEncoding = 4; lastKnownFileType = sourcecode.c.objc; path = OperationInitRoomView.m; sourceTree = "<group>"; };
		188540BB2834E23800CF4209 /* OperationBottomButtonView.h */ = {isa = PBXFileReference; fileEncoding = 4; lastKnownFileType = sourcecode.c.h; path = OperationBottomButtonView.h; sourceTree = "<group>"; };
		188540BC2834E23800CF4209 /* PlayerListTableViewCell.m */ = {isa = PBXFileReference; fileEncoding = 4; lastKnownFileType = sourcecode.c.objc; path = PlayerListTableViewCell.m; sourceTree = "<group>"; };
		188540BD2834E23800CF4209 /* OperationListView.m */ = {isa = PBXFileReference; fileEncoding = 4; lastKnownFileType = sourcecode.c.objc; path = OperationListView.m; sourceTree = "<group>"; };
		188540BE2834E23800CF4209 /* OperationInitRoomView.h */ = {isa = PBXFileReference; fileEncoding = 4; lastKnownFileType = sourcecode.c.h; path = OperationInitRoomView.h; sourceTree = "<group>"; };
		188540BF2834E23800CF4209 /* OperationBottomButtonView.m */ = {isa = PBXFileReference; fileEncoding = 4; lastKnownFileType = sourcecode.c.objc; path = OperationBottomButtonView.m; sourceTree = "<group>"; };
		188540C02834E23800CF4209 /* PlayerListTableViewCell.h */ = {isa = PBXFileReference; fileEncoding = 4; lastKnownFileType = sourcecode.c.h; path = PlayerListTableViewCell.h; sourceTree = "<group>"; };
		188540C12834E23800CF4209 /* OperationListView.h */ = {isa = PBXFileReference; fileEncoding = 4; lastKnownFileType = sourcecode.c.h; path = OperationListView.h; sourceTree = "<group>"; };
		18D35343286316DA00126326 /* UITextField+HWTextField.h */ = {isa = PBXFileReference; lastKnownFileType = sourcecode.c.h; path = "UITextField+HWTextField.h"; sourceTree = "<group>"; };
		18D35344286316DA00126326 /* UITextField+HWTextField.m */ = {isa = PBXFileReference; lastKnownFileType = sourcecode.c.objc; path = "UITextField+HWTextField.m"; sourceTree = "<group>"; };
		18D3534728643EE700126326 /* HWAlertView.h */ = {isa = PBXFileReference; lastKnownFileType = sourcecode.c.h; path = HWAlertView.h; sourceTree = "<group>"; };
		18D3534828643EE700126326 /* HWAlertView.m */ = {isa = PBXFileReference; lastKnownFileType = sourcecode.c.objc; path = HWAlertView.m; sourceTree = "<group>"; };
		18D570B82886461300BC3A82 /* HWSpeakButton.h */ = {isa = PBXFileReference; lastKnownFileType = sourcecode.c.h; path = HWSpeakButton.h; sourceTree = "<group>"; };
		18D570B92886461300BC3A82 /* HWSpeakButton.m */ = {isa = PBXFileReference; lastKnownFileType = sourcecode.c.objc; path = HWSpeakButton.m; sourceTree = "<group>"; };
		1CBEBE8DD8B810BE374667CE /* Pods-HWPGMEKit_Example.release.xcconfig */ = {isa = PBXFileReference; includeInIndex = 1; lastKnownFileType = text.xcconfig; name = "Pods-HWPGMEKit_Example.release.xcconfig"; path = "Target Support Files/Pods-HWPGMEKit_Example/Pods-HWPGMEKit_Example.release.xcconfig"; sourceTree = "<group>"; };
		429EFB0C51245FF162107522 /* Pods_HWPGMEKit_Example.framework */ = {isa = PBXFileReference; explicitFileType = wrapper.framework; includeInIndex = 0; path = Pods_HWPGMEKit_Example.framework; sourceTree = BUILT_PRODUCTS_DIR; };
		6003F58A195388D20070C39A /* HWPGMEKit_Example.app */ = {isa = PBXFileReference; explicitFileType = wrapper.application; includeInIndex = 0; path = HWPGMEKit_Example.app; sourceTree = BUILT_PRODUCTS_DIR; };
		6003F595195388D20070C39A /* HWPGMEKit-Info.plist */ = {isa = PBXFileReference; lastKnownFileType = text.plist.xml; path = "HWPGMEKit-Info.plist"; sourceTree = "<group>"; };
		6003F597195388D20070C39A /* en */ = {isa = PBXFileReference; lastKnownFileType = text.plist.strings; name = en; path = en.lproj/InfoPlist.strings; sourceTree = "<group>"; };
		6003F599195388D20070C39A /* main.m */ = {isa = PBXFileReference; lastKnownFileType = sourcecode.c.objc; path = main.m; sourceTree = "<group>"; };
		6003F59B195388D20070C39A /* HWPGMEKit-Prefix.pch */ = {isa = PBXFileReference; lastKnownFileType = sourcecode.c.h; path = "HWPGMEKit-Prefix.pch"; sourceTree = "<group>"; };
		6003F59C195388D20070C39A /* HWAppDelegate.h */ = {isa = PBXFileReference; lastKnownFileType = sourcecode.c.h; path = HWAppDelegate.h; sourceTree = "<group>"; };
		6003F59D195388D20070C39A /* HWAppDelegate.m */ = {isa = PBXFileReference; lastKnownFileType = sourcecode.c.objc; path = HWAppDelegate.m; sourceTree = "<group>"; };
		6003F5A8195388D20070C39A /* Images.xcassets */ = {isa = PBXFileReference; lastKnownFileType = folder.assetcatalog; path = Images.xcassets; sourceTree = "<group>"; };
		6003F5AE195388D20070C39A /* HWPGMEKit_Tests.xctest */ = {isa = PBXFileReference; explicitFileType = wrapper.cfbundle; includeInIndex = 0; path = HWPGMEKit_Tests.xctest; sourceTree = BUILT_PRODUCTS_DIR; };
		6003F5B7195388D20070C39A /* Tests-Info.plist */ = {isa = PBXFileReference; lastKnownFileType = text.plist.xml; path = "Tests-Info.plist"; sourceTree = "<group>"; };
		6003F5B9195388D20070C39A /* en */ = {isa = PBXFileReference; lastKnownFileType = text.plist.strings; name = en; path = en.lproj/InfoPlist.strings; sourceTree = "<group>"; };
		6003F5BB195388D20070C39A /* Tests.m */ = {isa = PBXFileReference; lastKnownFileType = sourcecode.c.objc; path = Tests.m; sourceTree = "<group>"; };
		602282E629232D9900AEAB4D /* HWVoiceAlertView.h */ = {isa = PBXFileReference; lastKnownFileType = sourcecode.c.h; path = HWVoiceAlertView.h; sourceTree = "<group>"; };
		602282E729232D9900AEAB4D /* HWVoiceAlertView.m */ = {isa = PBXFileReference; lastKnownFileType = sourcecode.c.objc; path = HWVoiceAlertView.m; sourceTree = "<group>"; };
		606FC2411953D9B200FFA9A0 /* Tests-Prefix.pch */ = {isa = PBXFileReference; lastKnownFileType = sourcecode.c.h; path = "Tests-Prefix.pch"; sourceTree = "<group>"; };
		607CD55A291A361B00BC2BAB /* Constants.h */ = {isa = PBXFileReference; lastKnownFileType = sourcecode.c.h; path = Constants.h; sourceTree = "<group>"; };
		71719F9E1E33DC2100824A3D /* Base */ = {isa = PBXFileReference; lastKnownFileType = file.storyboard; name = Base; path = Base.lproj/LaunchScreen.storyboard; sourceTree = "<group>"; };
		99A4C142E758A2E6FC1F9E2C /* Pods_HWPGMEKit_Tests.framework */ = {isa = PBXFileReference; explicitFileType = wrapper.framework; includeInIndex = 0; path = Pods_HWPGMEKit_Tests.framework; sourceTree = BUILT_PRODUCTS_DIR; };
		BDF6FC1761EE50E363F87863 /* Pods-HWPGMEKit_Tests.debug.xcconfig */ = {isa = PBXFileReference; includeInIndex = 1; lastKnownFileType = text.xcconfig; name = "Pods-HWPGMEKit_Tests.debug.xcconfig"; path = "Target Support Files/Pods-HWPGMEKit_Tests/Pods-HWPGMEKit_Tests.debug.xcconfig"; sourceTree = "<group>"; };
		C5C87E6E837811467FF1C2A5 /* Pods-HWPGMEKit_Tests.release.xcconfig */ = {isa = PBXFileReference; includeInIndex = 1; lastKnownFileType = text.xcconfig; name = "Pods-HWPGMEKit_Tests.release.xcconfig"; path = "Target Support Files/Pods-HWPGMEKit_Tests/Pods-HWPGMEKit_Tests.release.xcconfig"; sourceTree = "<group>"; };
		C653057C283B309B00E8714C /* RoomIdList.m */ = {isa = PBXFileReference; fileEncoding = 4; lastKnownFileType = sourcecode.c.objc; path = RoomIdList.m; sourceTree = "<group>"; };
		C653057D283B309B00E8714C /* RoomIdList.h */ = {isa = PBXFileReference; fileEncoding = 4; lastKnownFileType = sourcecode.c.h; path = RoomIdList.h; sourceTree = "<group>"; };
		C6530580283B311500E8714C /* HWDropDownMenu.m */ = {isa = PBXFileReference; fileEncoding = 4; lastKnownFileType = sourcecode.c.objc; path = HWDropDownMenu.m; sourceTree = "<group>"; };
		C6530581283B311500E8714C /* HWDropDownMenu.h */ = {isa = PBXFileReference; fileEncoding = 4; lastKnownFileType = sourcecode.c.h; path = HWDropDownMenu.h; sourceTree = "<group>"; };
		C69AA72128791B740097D5BD /* HWPGMEDelegate.h */ = {isa = PBXFileReference; lastKnownFileType = sourcecode.c.h; path = HWPGMEDelegate.h; sourceTree = "<group>"; };
		C69AA72228791B740097D5BD /* HWPGMEDelegate.m */ = {isa = PBXFileReference; lastKnownFileType = sourcecode.c.objc; path = HWPGMEDelegate.m; sourceTree = "<group>"; };
		F372BD4D8825B9491C330E50 /* Pods-HWPGMEKit_Example.debug.xcconfig */ = {isa = PBXFileReference; includeInIndex = 1; lastKnownFileType = text.xcconfig; name = "Pods-HWPGMEKit_Example.debug.xcconfig"; path = "Target Support Files/Pods-HWPGMEKit_Example/Pods-HWPGMEKit_Example.debug.xcconfig"; sourceTree = "<group>"; };
/* End PBXFileReference section */

/* Begin PBXFrameworksBuildPhase section */
		6003F587195388D20070C39A /* Frameworks */ = {
			isa = PBXFrameworksBuildPhase;
			buildActionMask = 2147483647;
			files = (
				C6012777284D936A006AC748 /* Pods_HWPGMEKit_Example.framework in Frameworks */,
			);
			runOnlyForDeploymentPostprocessing = 0;
		};
		6003F5AB195388D20070C39A /* Frameworks */ = {
			isa = PBXFrameworksBuildPhase;
			buildActionMask = 2147483647;
			files = (
				A2A84A48196CD77DBDBE4D5F /* Pods_HWPGMEKit_Tests.framework in Frameworks */,
			);
			runOnlyForDeploymentPostprocessing = 0;
		};
/* End PBXFrameworksBuildPhase section */

/* Begin PBXGroup section */
		18346AD828339DA4006D872E /* Delegates */ = {
			isa = PBXGroup;
			children = (
				6003F59C195388D20070C39A /* HWAppDelegate.h */,
				6003F59D195388D20070C39A /* HWAppDelegate.m */,
				C69AA72128791B740097D5BD /* HWPGMEDelegate.h */,
				C69AA72228791B740097D5BD /* HWPGMEDelegate.m */,
			);
			path = Delegates;
			sourceTree = "<group>";
		};
		18346AD928339DC1006D872E /* Macro */ = {
			isa = PBXGroup;
			children = (
				6003F59B195388D20070C39A /* HWPGMEKit-Prefix.pch */,
			);
			path = Macro;
			sourceTree = "<group>";
		};
		18346ADD2833BCB4006D872E /* Resources */ = {
			isa = PBXGroup;
			children = (
				185216292869957B00922C88 /* btn_speaker_speaking.gif */,
				6003F5A8195388D20070C39A /* Images.xcassets */,
			);
			path = Resources;
			sourceTree = "<group>";
		};
		18521633286A9BB200922C88 /* GifAnimation */ = {
			isa = PBXGroup;
			children = (
				18D570B82886461300BC3A82 /* HWSpeakButton.h */,
				18D570B92886461300BC3A82 /* HWSpeakButton.m */,
			);
			path = GifAnimation;
			sourceTree = "<group>";
		};
		18639B2E28349744000F071A /* Category */ = {
			isa = PBXGroup;
			children = (
				18639B3128349744000F071A /* UIColor+HWColor.h */,
				18639B2F28349744000F071A /* UIColor+HWColor.m */,
				18639B35283497AC000F071A /* UIImage+HWColor.h */,
				18639B36283497AC000F071A /* UIImage+HWColor.m */,
				18D35343286316DA00126326 /* UITextField+HWTextField.h */,
				18D35344286316DA00126326 /* UITextField+HWTextField.m */,
			);
			path = Category;
			sourceTree = "<group>";
		};
		18639B38283497EB000F071A /* Tools */ = {
			isa = PBXGroup;
			children = (
				18521633286A9BB200922C88 /* GifAnimation */,
				18D3534628643ECE00126326 /* AlertView */,
				C653057F283B311500E8714C /* DropDownMenu */,
				18639B39283497EB000F071A /* HWTool */,
			);
			path = Tools;
			sourceTree = "<group>";
		};
		18639B39283497EB000F071A /* HWTool */ = {
			isa = PBXGroup;
			children = (
				18639B6528349855000F071A /* HWTools.h */,
				18639B6628349855000F071A /* HWTools.m */,
			);
			path = HWTool;
			sourceTree = "<group>";
		};
		18639B68283498A0000F071A /* Controllers */ = {
			isa = PBXGroup;
			children = (
				18639B83283498A0000F071A /* Base */,
				18639B7A283498A0000F071A /* Login */,
				188540B12834E23800CF4209 /* Operation */,
			);
			path = Controllers;
			sourceTree = "<group>";
		};
		18639B7A283498A0000F071A /* Login */ = {
			isa = PBXGroup;
			children = (
				18639B7B283498A0000F071A /* Controllers */,
				18639B7E283498A0000F071A /* Views */,
			);
			path = Login;
			sourceTree = "<group>";
		};
		18639B7B283498A0000F071A /* Controllers */ = {
			isa = PBXGroup;
			children = (
				18639B7D283498A0000F071A /* LoginViewController.h */,
				18639B7C283498A0000F071A /* LoginViewController.m */,
			);
			path = Controllers;
			sourceTree = "<group>";
		};
		18639B7E283498A0000F071A /* Views */ = {
			isa = PBXGroup;
			children = (
				18639B82283498A0000F071A /* LoginLogTableView.h */,
				18639B80283498A0000F071A /* LoginLogTableView.m */,
				18639B81283498A0000F071A /* UserIdLoginView.h */,
				18639B7F283498A0000F071A /* UserIdLoginView.m */,
			);
			path = Views;
			sourceTree = "<group>";
		};
		18639B83283498A0000F071A /* Base */ = {
			isa = PBXGroup;
			children = (
				18639B85283498A0000F071A /* HWBaseViewController.h */,
				18639B84283498A0000F071A /* HWBaseViewController.m */,
			);
			path = Base;
			sourceTree = "<group>";
		};
		188540B12834E23800CF4209 /* Operation */ = {
			isa = PBXGroup;
			children = (
				C653057B283B309B00E8714C /* Model */,
				188540B22834E23800CF4209 /* Controllers */,
				188540B92834E23800CF4209 /* Views */,
			);
			path = Operation;
			sourceTree = "<group>";
		};
		188540B22834E23800CF4209 /* Controllers */ = {
			isa = PBXGroup;
			children = (
				188540B62834E23800CF4209 /* OperationViewController.h */,
				188540B32834E23800CF4209 /* OperationViewController.m */,
				188540B72834E23800CF4209 /* RoomLogViewController.h */,
				188540B52834E23800CF4209 /* RoomLogViewController.m */,
				188540B42834E23800CF4209 /* RoomPlayerListViewController.h */,
				188540B82834E23800CF4209 /* RoomPlayerListViewController.m */,
			);
			path = Controllers;
			sourceTree = "<group>";
		};
		188540B92834E23800CF4209 /* Views */ = {
			isa = PBXGroup;
			children = (
				188540BB2834E23800CF4209 /* OperationBottomButtonView.h */,
				188540BF2834E23800CF4209 /* OperationBottomButtonView.m */,
				188540BE2834E23800CF4209 /* OperationInitRoomView.h */,
				188540BA2834E23800CF4209 /* OperationInitRoomView.m */,
				188540C12834E23800CF4209 /* OperationListView.h */,
				188540BD2834E23800CF4209 /* OperationListView.m */,
				188540C02834E23800CF4209 /* PlayerListTableViewCell.h */,
				188540BC2834E23800CF4209 /* PlayerListTableViewCell.m */,
				183224AC2859FCDC0054FE08 /* PlayerHeaderView.h */,
				183224AD2859FCDC0054FE08 /* PlayerHeaderView.m */,
			);
			path = Views;
			sourceTree = "<group>";
		};
		18D3534628643ECE00126326 /* AlertView */ = {
			isa = PBXGroup;
			children = (
				18D3534728643EE700126326 /* HWAlertView.h */,
				18D3534828643EE700126326 /* HWAlertView.m */,
				602282E629232D9900AEAB4D /* HWVoiceAlertView.h */,
				602282E729232D9900AEAB4D /* HWVoiceAlertView.m */,
			);
			path = AlertView;
			sourceTree = "<group>";
		};
		6003F581195388D10070C39A = {
			isa = PBXGroup;
			children = (
				6003F593195388D20070C39A /* Example for HWPGMEKit */,
				6003F5B5195388D20070C39A /* Tests */,
				6003F58C195388D20070C39A /* Frameworks */,
				6003F58B195388D20070C39A /* Products */,
				9C1D5D7907567E2A15E521BE /* Pods */,
			);
			sourceTree = "<group>";
		};
		6003F58B195388D20070C39A /* Products */ = {
			isa = PBXGroup;
			children = (
				6003F58A195388D20070C39A /* HWPGMEKit_Example.app */,
				6003F5AE195388D20070C39A /* HWPGMEKit_Tests.xctest */,
			);
			name = Products;
			sourceTree = "<group>";
		};
		6003F58C195388D20070C39A /* Frameworks */ = {
			isa = PBXGroup;
			children = (
				429EFB0C51245FF162107522 /* Pods_HWPGMEKit_Example.framework */,
				99A4C142E758A2E6FC1F9E2C /* Pods_HWPGMEKit_Tests.framework */,
			);
			name = Frameworks;
			sourceTree = "<group>";
		};
		6003F593195388D20070C39A /* Example for HWPGMEKit */ = {
			isa = PBXGroup;
			children = (
				18639B38283497EB000F071A /* Tools */,
				18639B2E28349744000F071A /* Category */,
				18346ADD2833BCB4006D872E /* Resources */,
				18346AD928339DC1006D872E /* Macro */,
				18346AD828339DA4006D872E /* Delegates */,
				6003F594195388D20070C39A /* Supporting Files */,
				18639B68283498A0000F071A /* Controllers */,
			);
			name = "Example for HWPGMEKit";
			path = HWPGMEKit;
			sourceTree = "<group>";
		};
		6003F594195388D20070C39A /* Supporting Files */ = {
			isa = PBXGroup;
			children = (
				18346ADB2833A263006D872E /* Main.storyboard */,
				71719F9D1E33DC2100824A3D /* LaunchScreen.storyboard */,
				6003F595195388D20070C39A /* HWPGMEKit-Info.plist */,
				6003F596195388D20070C39A /* InfoPlist.strings */,
				6003F599195388D20070C39A /* main.m */,
			);
			name = "Supporting Files";
			sourceTree = "<group>";
		};
		6003F5B5195388D20070C39A /* Tests */ = {
			isa = PBXGroup;
			children = (
				6003F5BB195388D20070C39A /* Tests.m */,
				6003F5B6195388D20070C39A /* Supporting Files */,
			);
			path = Tests;
			sourceTree = "<group>";
		};
		6003F5B6195388D20070C39A /* Supporting Files */ = {
			isa = PBXGroup;
			children = (
				6003F5B7195388D20070C39A /* Tests-Info.plist */,
				6003F5B8195388D20070C39A /* InfoPlist.strings */,
				606FC2411953D9B200FFA9A0 /* Tests-Prefix.pch */,
			);
			name = "Supporting Files";
			sourceTree = "<group>";
		};
		9C1D5D7907567E2A15E521BE /* Pods */ = {
			isa = PBXGroup;
			children = (
				F372BD4D8825B9491C330E50 /* Pods-HWPGMEKit_Example.debug.xcconfig */,
				1CBEBE8DD8B810BE374667CE /* Pods-HWPGMEKit_Example.release.xcconfig */,
				BDF6FC1761EE50E363F87863 /* Pods-HWPGMEKit_Tests.debug.xcconfig */,
				C5C87E6E837811467FF1C2A5 /* Pods-HWPGMEKit_Tests.release.xcconfig */,
			);
			path = Pods;
			sourceTree = "<group>";
		};
		C653057B283B309B00E8714C /* Model */ = {
			isa = PBXGroup;
			children = (
				18547069287308DF00462F8A /* Player+RoomPlayer.h */,
				1854706A287308DF00462F8A /* Player+RoomPlayer.m */,
				C653057D283B309B00E8714C /* RoomIdList.h */,
				C653057C283B309B00E8714C /* RoomIdList.m */,
				607CD55A291A361B00BC2BAB /* Constants.h */,
			);
			path = Model;
			sourceTree = "<group>";
		};
		C653057F283B311500E8714C /* DropDownMenu */ = {
			isa = PBXGroup;
			children = (
				C6530581283B311500E8714C /* HWDropDownMenu.h */,
				C6530580283B311500E8714C /* HWDropDownMenu.m */,
			);
			path = DropDownMenu;
			sourceTree = "<group>";
		};
/* End PBXGroup section */

/* Begin PBXNativeTarget section */
		6003F589195388D20070C39A /* HWPGMEKit_Example */ = {
			isa = PBXNativeTarget;
			buildConfigurationList = 6003F5BF195388D20070C39A /* Build configuration list for PBXNativeTarget "HWPGMEKit_Example" */;
			buildPhases = (
				C17925C2BE1FAB03A8125BB0 /* [CP] Check Pods Manifest.lock */,
				6003F586195388D20070C39A /* Sources */,
				6003F587195388D20070C39A /* Frameworks */,
				B7ADFFE62A088D8C0052E83A /* CopyFiles */,
				6003F588195388D20070C39A /* Resources */,
				B454C597918FFF5018EF96A6 /* [CP] Embed Pods Frameworks */,
				C69AA713287702030097D5BD /* Embed Frameworks */,
			);
			buildRules = (
			);
			dependencies = (
			);
			name = HWPGMEKit_Example;
			productName = HWPGMEKit;
			productReference = 6003F58A195388D20070C39A /* HWPGMEKit_Example.app */;
			productType = "com.apple.product-type.application";
		};
		6003F5AD195388D20070C39A /* HWPGMEKit_Tests */ = {
			isa = PBXNativeTarget;
			buildConfigurationList = 6003F5C2195388D20070C39A /* Build configuration list for PBXNativeTarget "HWPGMEKit_Tests" */;
			buildPhases = (
				DD506EB3E17BA9BC2A8EEFB5 /* [CP] Check Pods Manifest.lock */,
				6003F5AA195388D20070C39A /* Sources */,
				6003F5AB195388D20070C39A /* Frameworks */,
				6003F5AC195388D20070C39A /* Resources */,
			);
			buildRules = (
			);
			dependencies = (
				6003F5B4195388D20070C39A /* PBXTargetDependency */,
			);
			name = HWPGMEKit_Tests;
			productName = HWPGMEKitTests;
			productReference = 6003F5AE195388D20070C39A /* HWPGMEKit_Tests.xctest */;
			productType = "com.apple.product-type.bundle.unit-test";
		};
/* End PBXNativeTarget section */

/* Begin PBXProject section */
		6003F582195388D10070C39A /* Project object */ = {
			isa = PBXProject;
			attributes = {
				CLASSPREFIX = HW;
				LastUpgradeCheck = 0720;
				ORGANIZATIONNAME = hanweibin;
				TargetAttributes = {
					6003F589195388D20070C39A = {
						DevelopmentTeam = KKB4QVVV4F;
						ProvisioningStyle = Manual;
					};
					6003F5AD195388D20070C39A = {
						DevelopmentTeam = MM8UAG6JG7;
						TestTargetID = 6003F589195388D20070C39A;
					};
				};
			};
			buildConfigurationList = 6003F585195388D10070C39A /* Build configuration list for PBXProject "HWPGMEKit" */;
			compatibilityVersion = "Xcode 3.2";
			developmentRegion = English;
			hasScannedForEncodings = 0;
			knownRegions = (
				English,
				en,
				Base,
			);
			mainGroup = 6003F581195388D10070C39A;
			productRefGroup = 6003F58B195388D20070C39A /* Products */;
			projectDirPath = "";
			projectRoot = "";
			targets = (
				6003F589195388D20070C39A /* HWPGMEKit_Example */,
				6003F5AD195388D20070C39A /* HWPGMEKit_Tests */,
			);
		};
/* End PBXProject section */

/* Begin PBXResourcesBuildPhase section */
		6003F588195388D20070C39A /* Resources */ = {
			isa = PBXResourcesBuildPhase;
			buildActionMask = 2147483647;
			files = (
				71719F9F1E33DC2100824A3D /* LaunchScreen.storyboard in Resources */,
				6003F5A9195388D20070C39A /* Images.xcassets in Resources */,
				6003F598195388D20070C39A /* InfoPlist.strings in Resources */,
				18346ADC2833A263006D872E /* Main.storyboard in Resources */,
				1852162A2869957B00922C88 /* btn_speaker_speaking.gif in Resources */,
			);
			runOnlyForDeploymentPostprocessing = 0;
		};
		6003F5AC195388D20070C39A /* Resources */ = {
			isa = PBXResourcesBuildPhase;
			buildActionMask = 2147483647;
			files = (
				6003F5BA195388D20070C39A /* InfoPlist.strings in Resources */,
			);
			runOnlyForDeploymentPostprocessing = 0;
		};
/* End PBXResourcesBuildPhase section */

/* Begin PBXShellScriptBuildPhase section */
		B454C597918FFF5018EF96A6 /* [CP] Embed Pods Frameworks */ = {
			isa = PBXShellScriptBuildPhase;
			buildActionMask = 2147483647;
			files = (
			);
			inputPaths = (
				"${PODS_ROOT}/Target Support Files/Pods-HWPGMEKit_Example/Pods-HWPGMEKit_Example-frameworks.sh",
				"${BUILT_PRODUCTS_DIR}/Masonry/Masonry.framework",
			);
			name = "[CP] Embed Pods Frameworks";
			outputPaths = (
				"${TARGET_BUILD_DIR}/${FRAMEWORKS_FOLDER_PATH}/Masonry.framework",
			);
			runOnlyForDeploymentPostprocessing = 0;
			shellPath = /bin/sh;
			shellScript = "\"${PODS_ROOT}/Target Support Files/Pods-HWPGMEKit_Example/Pods-HWPGMEKit_Example-frameworks.sh\"\n";
			showEnvVarsInLog = 0;
		};
		C17925C2BE1FAB03A8125BB0 /* [CP] Check Pods Manifest.lock */ = {
			isa = PBXShellScriptBuildPhase;
			buildActionMask = 2147483647;
			files = (
			);
			inputFileListPaths = (
			);
			inputPaths = (
				"${PODS_PODFILE_DIR_PATH}/Podfile.lock",
				"${PODS_ROOT}/Manifest.lock",
			);
			name = "[CP] Check Pods Manifest.lock";
			outputFileListPaths = (
			);
			outputPaths = (
				"$(DERIVED_FILE_DIR)/Pods-HWPGMEKit_Example-checkManifestLockResult.txt",
			);
			runOnlyForDeploymentPostprocessing = 0;
			shellPath = /bin/sh;
			shellScript = "diff \"${PODS_PODFILE_DIR_PATH}/Podfile.lock\" \"${PODS_ROOT}/Manifest.lock\" > /dev/null\nif [ $? != 0 ] ; then\n    # print error to STDERR\n    echo \"error: The sandbox is not in sync with the Podfile.lock. Run 'pod install' or update your CocoaPods installation.\" >&2\n    exit 1\nfi\n# This output is used by Xcode 'outputs' to avoid re-running this script phase.\necho \"SUCCESS\" > \"${SCRIPT_OUTPUT_FILE_0}\"\n";
			showEnvVarsInLog = 0;
		};
		DD506EB3E17BA9BC2A8EEFB5 /* [CP] Check Pods Manifest.lock */ = {
			isa = PBXShellScriptBuildPhase;
			buildActionMask = 2147483647;
			files = (
			);
			inputFileListPaths = (
			);
			inputPaths = (
				"${PODS_PODFILE_DIR_PATH}/Podfile.lock",
				"${PODS_ROOT}/Manifest.lock",
			);
			name = "[CP] Check Pods Manifest.lock";
			outputFileListPaths = (
			);
			outputPaths = (
				"$(DERIVED_FILE_DIR)/Pods-HWPGMEKit_Tests-checkManifestLockResult.txt",
			);
			runOnlyForDeploymentPostprocessing = 0;
			shellPath = /bin/sh;
			shellScript = "diff \"${PODS_PODFILE_DIR_PATH}/Podfile.lock\" \"${PODS_ROOT}/Manifest.lock\" > /dev/null\nif [ $? != 0 ] ; then\n    # print error to STDERR\n    echo \"error: The sandbox is not in sync with the Podfile.lock. Run 'pod install' or update your CocoaPods installation.\" >&2\n    exit 1\nfi\n# This output is used by Xcode 'outputs' to avoid re-running this script phase.\necho \"SUCCESS\" > \"${SCRIPT_OUTPUT_FILE_0}\"\n";
			showEnvVarsInLog = 0;
		};
/* End PBXShellScriptBuildPhase section */

/* Begin PBXSourcesBuildPhase section */
		6003F586195388D20070C39A /* Sources */ = {
			isa = PBXSourcesBuildPhase;
			buildActionMask = 2147483647;
			files = (
				1854706B287308DF00462F8A /* Player+RoomPlayer.m in Sources */,
				C6530582283B311500E8714C /* HWDropDownMenu.m in Sources */,
				183224AE2859FCDD0054FE08 /* PlayerHeaderView.m in Sources */,
				188540C62834E23800CF4209 /* PlayerListTableViewCell.m in Sources */,
				188540C52834E23800CF4209 /* OperationInitRoomView.m in Sources */,
				18D3534928643EE700126326 /* HWAlertView.m in Sources */,
				18639B8F283498A0000F071A /* LoginLogTableView.m in Sources */,
				188540C82834E23800CF4209 /* OperationBottomButtonView.m in Sources */,
				18D35345286316DA00126326 /* UITextField+HWTextField.m in Sources */,
				C653057E283B309B00E8714C /* RoomIdList.m in Sources */,
				18639B8D283498A0000F071A /* LoginViewController.m in Sources */,
				188540C42834E23800CF4209 /* RoomPlayerListViewController.m in Sources */,
				188540C22834E23800CF4209 /* OperationViewController.m in Sources */,
				18639B6728349855000F071A /* HWTools.m in Sources */,
				188540C72834E23800CF4209 /* OperationListView.m in Sources */,
				18D570BA2886461300BC3A82 /* HWSpeakButton.m in Sources */,
				6003F59E195388D20070C39A /* HWAppDelegate.m in Sources */,
				18639B37283497AC000F071A /* UIImage+HWColor.m in Sources */,
				6003F59A195388D20070C39A /* main.m in Sources */,
				18639B8E283498A0000F071A /* UserIdLoginView.m in Sources */,
				188540C32834E23800CF4209 /* RoomLogViewController.m in Sources */,
				18639B90283498A0000F071A /* HWBaseViewController.m in Sources */,
				C69AA72328791B740097D5BD /* HWPGMEDelegate.m in Sources */,
				18639B3328349744000F071A /* UIColor+HWColor.m in Sources */,
				602282E829232D9900AEAB4D /* HWVoiceAlertView.m in Sources */,
			);
			runOnlyForDeploymentPostprocessing = 0;
		};
		6003F5AA195388D20070C39A /* Sources */ = {
			isa = PBXSourcesBuildPhase;
			buildActionMask = 2147483647;
			files = (
				6003F5BC195388D20070C39A /* Tests.m in Sources */,
			);
			runOnlyForDeploymentPostprocessing = 0;
		};
/* End PBXSourcesBuildPhase section */

/* Begin PBXTargetDependency section */
		6003F5B4195388D20070C39A /* PBXTargetDependency */ = {
			isa = PBXTargetDependency;
			target = 6003F589195388D20070C39A /* HWPGMEKit_Example */;
			targetProxy = 6003F5B3195388D20070C39A /* PBXContainerItemProxy */;
		};
/* End PBXTargetDependency section */

/* Begin PBXVariantGroup section */
		6003F596195388D20070C39A /* InfoPlist.strings */ = {
			isa = PBXVariantGroup;
			children = (
				6003F597195388D20070C39A /* en */,
			);
			name = InfoPlist.strings;
			sourceTree = "<group>";
		};
		6003F5B8195388D20070C39A /* InfoPlist.strings */ = {
			isa = PBXVariantGroup;
			children = (
				6003F5B9195388D20070C39A /* en */,
			);
			name = InfoPlist.strings;
			sourceTree = "<group>";
		};
		71719F9D1E33DC2100824A3D /* LaunchScreen.storyboard */ = {
			isa = PBXVariantGroup;
			children = (
				71719F9E1E33DC2100824A3D /* Base */,
			);
			name = LaunchScreen.storyboard;
			sourceTree = "<group>";
		};
/* End PBXVariantGroup section */

/* Begin XCBuildConfiguration section */
		6003F5BD195388D20070C39A /* Debug */ = {
			isa = XCBuildConfiguration;
			buildSettings = {
				ALWAYS_SEARCH_USER_PATHS = NO;
				CLANG_CXX_LANGUAGE_STANDARD = "gnu++0x";
				CLANG_CXX_LIBRARY = "libc++";
				CLANG_ENABLE_MODULES = YES;
				CLANG_ENABLE_OBJC_ARC = YES;
				CLANG_WARN_BOOL_CONVERSION = YES;
				CLANG_WARN_CONSTANT_CONVERSION = YES;
				CLANG_WARN_DIRECT_OBJC_ISA_USAGE = YES_ERROR;
				CLANG_WARN_EMPTY_BODY = YES;
				CLANG_WARN_ENUM_CONVERSION = YES;
				CLANG_WARN_INT_CONVERSION = YES;
				CLANG_WARN_OBJC_ROOT_CLASS = YES_ERROR;
				CLANG_WARN__DUPLICATE_METHOD_MATCH = YES;
				"CODE_SIGN_IDENTITY[sdk=iphoneos*]" = "iPhone Developer";
				COPY_PHASE_STRIP = NO;
				ENABLE_BITCODE = NO;
				ENABLE_TESTABILITY = YES;
				GCC_C_LANGUAGE_STANDARD = gnu99;
				GCC_DYNAMIC_NO_PIC = NO;
				GCC_OPTIMIZATION_LEVEL = 0;
				GCC_PREPROCESSOR_DEFINITIONS = (
					"DEBUG=1",
					"$(inherited)",
				);
				GCC_SYMBOLS_PRIVATE_EXTERN = NO;
				GCC_WARN_64_TO_32_BIT_CONVERSION = YES;
				GCC_WARN_ABOUT_RETURN_TYPE = YES_ERROR;
				GCC_WARN_UNDECLARED_SELECTOR = YES;
				GCC_WARN_UNINITIALIZED_AUTOS = YES_AGGRESSIVE;
				GCC_WARN_UNUSED_FUNCTION = YES;
				GCC_WARN_UNUSED_VARIABLE = YES;
				IPHONEOS_DEPLOYMENT_TARGET = 9.0;
				ONLY_ACTIVE_ARCH = YES;
				SDKROOT = iphoneos;
				TARGETED_DEVICE_FAMILY = "1,2";
			};
			name = Debug;
		};
		6003F5BE195388D20070C39A /* Release */ = {
			isa = XCBuildConfiguration;
			buildSettings = {
				ALWAYS_SEARCH_USER_PATHS = NO;
				CLANG_CXX_LANGUAGE_STANDARD = "gnu++0x";
				CLANG_CXX_LIBRARY = "libc++";
				CLANG_ENABLE_MODULES = YES;
				CLANG_ENABLE_OBJC_ARC = YES;
				CLANG_WARN_BOOL_CONVERSION = YES;
				CLANG_WARN_CONSTANT_CONVERSION = YES;
				CLANG_WARN_DIRECT_OBJC_ISA_USAGE = YES_ERROR;
				CLANG_WARN_EMPTY_BODY = YES;
				CLANG_WARN_ENUM_CONVERSION = YES;
				CLANG_WARN_INT_CONVERSION = YES;
				CLANG_WARN_OBJC_ROOT_CLASS = YES_ERROR;
				CLANG_WARN__DUPLICATE_METHOD_MATCH = YES;
				"CODE_SIGN_IDENTITY[sdk=iphoneos*]" = "iPhone Developer";
				COPY_PHASE_STRIP = YES;
				ENABLE_BITCODE = NO;
				ENABLE_NS_ASSERTIONS = NO;
				GCC_C_LANGUAGE_STANDARD = gnu99;
				GCC_WARN_64_TO_32_BIT_CONVERSION = YES;
				GCC_WARN_ABOUT_RETURN_TYPE = YES_ERROR;
				GCC_WARN_UNDECLARED_SELECTOR = YES;
				GCC_WARN_UNINITIALIZED_AUTOS = YES_AGGRESSIVE;
				GCC_WARN_UNUSED_FUNCTION = YES;
				GCC_WARN_UNUSED_VARIABLE = YES;
				IPHONEOS_DEPLOYMENT_TARGET = 9.0;
				SDKROOT = iphoneos;
				TARGETED_DEVICE_FAMILY = "1,2";
				VALIDATE_PRODUCT = YES;
			};
			name = Release;
		};
		6003F5C0195388D20070C39A /* Debug */ = {
			isa = XCBuildConfiguration;
			baseConfigurationReference = F372BD4D8825B9491C330E50 /* Pods-HWPGMEKit_Example.debug.xcconfig */;
			buildSettings = {
				ASSETCATALOG_COMPILER_APPICON_NAME = AppIcon;
				CODE_SIGN_IDENTITY = "iPhone Developer";
				CODE_SIGN_STYLE = Manual;
				CURRENT_PROJECT_VERSION = 8;
				DEVELOPMENT_TEAM = KKB4QVVV4F;
				ENABLE_BITCODE = NO;
				FRAMEWORK_SEARCH_PATHS = (
					"$(inherited)",
					"$(PROJECT_DIR)",
					"$(PROJECT_DIR)/SDK",
				);
				GCC_PRECOMPILE_PREFIX_HEADER = YES;
				GCC_PREFIX_HEADER = "HWPGMEKit/Macro/HWPGMEKit-Prefix.pch";
				HEADER_SEARCH_PATHS = (
					"$(inherited)",
					"\"${PODS_CONFIGURATION_BUILD_DIR}/Masonry/Masonry.framework/Headers\"",
					"\"$(PROJECT_DIR)/SDK/HWPGMEKit.framework/Headers\"",
				);
				INFOPLIST_FILE = "HWPGMEKit/HWPGMEKit-Info.plist";
				IPHONEOS_DEPLOYMENT_TARGET = 9.0;
				LD_RUNPATH_SEARCH_PATHS = "$(inherited) @executable_path/Frameworks";
				MODULE_NAME = ExampleApp;
				PRODUCT_BUNDLE_IDENTIFIER = com.gamecenter.pgme.demo;
				PRODUCT_NAME = "$(TARGET_NAME)";
				PROVISIONING_PROFILE_SPECIFIER = pgmesdk_develop;
				SWIFT_VERSION = 4.0;
				TARGETED_DEVICE_FAMILY = 1;
				WRAPPER_EXTENSION = app;
			};
			name = Debug;
		};
		6003F5C1195388D20070C39A /* Release */ = {
			isa = XCBuildConfiguration;
			baseConfigurationReference = 1CBEBE8DD8B810BE374667CE /* Pods-HWPGMEKit_Example.release.xcconfig */;
			buildSettings = {
				ASSETCATALOG_COMPILER_APPICON_NAME = AppIcon;
				CODE_SIGN_IDENTITY = "iPhone Developer";
				"CODE_SIGN_IDENTITY[sdk=iphoneos*]" = "iPhone Distribution";
				CODE_SIGN_STYLE = Manual;
				CURRENT_PROJECT_VERSION = 8;
				DEVELOPMENT_TEAM = KKB4QVVV4F;
				ENABLE_BITCODE = NO;
				FRAMEWORK_SEARCH_PATHS = (
					"$(inherited)",
					"$(PROJECT_DIR)",
					"$(PROJECT_DIR)/SDK",
				);
				GCC_PRECOMPILE_PREFIX_HEADER = YES;
				GCC_PREFIX_HEADER = "HWPGMEKit/Macro/HWPGMEKit-Prefix.pch";
				HEADER_SEARCH_PATHS = (
					"$(inherited)",
					"\"${PODS_CONFIGURATION_BUILD_DIR}/Masonry/Masonry.framework/Headers\"",
					"\"$(PROJECT_DIR)/SDK/HWPGMEKit.framework/Headers\"",
				);
				INFOPLIST_FILE = "HWPGMEKit/HWPGMEKit-Info.plist";
				IPHONEOS_DEPLOYMENT_TARGET = 9.0;
				LD_RUNPATH_SEARCH_PATHS = "$(inherited) @executable_path/Frameworks";
				MODULE_NAME = ExampleApp;
				PRODUCT_BUNDLE_IDENTIFIER = com.gamecenter.pgme.demo;
				PRODUCT_NAME = "$(TARGET_NAME)";
				PROVISIONING_PROFILE_SPECIFIER = pgmesdk_product;
				SWIFT_VERSION = 4.0;
				TARGETED_DEVICE_FAMILY = 1;
				WRAPPER_EXTENSION = app;
			};
			name = Release;
		};
		6003F5C3195388D20070C39A /* Debug */ = {
			isa = XCBuildConfiguration;
			baseConfigurationReference = BDF6FC1761EE50E363F87863 /* Pods-HWPGMEKit_Tests.debug.xcconfig */;
			buildSettings = {
				BUNDLE_LOADER = "$(TEST_HOST)";
				DEVELOPMENT_TEAM = MM8UAG6JG7;
				FRAMEWORK_SEARCH_PATHS = (
					"$(PLATFORM_DIR)/Developer/Library/Frameworks",
					"$(inherited)",
					"$(DEVELOPER_FRAMEWORKS_DIR)",
				);
				GCC_PRECOMPILE_PREFIX_HEADER = YES;
				GCC_PREFIX_HEADER = "Tests/Tests-Prefix.pch";
				GCC_PREPROCESSOR_DEFINITIONS = (
					"DEBUG=1",
					"$(inherited)",
				);
				INFOPLIST_FILE = "Tests/Tests-Info.plist";
				PRODUCT_BUNDLE_IDENTIFIER = "org.cocoapods.demo.${PRODUCT_NAME:rfc1034identifier}";
				PRODUCT_NAME = "$(TARGET_NAME)";
				SWIFT_VERSION = 4.0;
				TEST_HOST = "$(BUILT_PRODUCTS_DIR)/HWPGMEKit_Example.app/HWPGMEKit_Example";
				WRAPPER_EXTENSION = xctest;
			};
			name = Debug;
		};
		6003F5C4195388D20070C39A /* Release */ = {
			isa = XCBuildConfiguration;
			baseConfigurationReference = C5C87E6E837811467FF1C2A5 /* Pods-HWPGMEKit_Tests.release.xcconfig */;
			buildSettings = {
				BUNDLE_LOADER = "$(TEST_HOST)";
				DEVELOPMENT_TEAM = MM8UAG6JG7;
				FRAMEWORK_SEARCH_PATHS = (
					"$(PLATFORM_DIR)/Developer/Library/Frameworks",
					"$(inherited)",
					"$(DEVELOPER_FRAMEWORKS_DIR)",
				);
				GCC_PRECOMPILE_PREFIX_HEADER = YES;
				GCC_PREFIX_HEADER = "Tests/Tests-Prefix.pch";
				INFOPLIST_FILE = "Tests/Tests-Info.plist";
				PRODUCT_BUNDLE_IDENTIFIER = "org.cocoapods.demo.${PRODUCT_NAME:rfc1034identifier}";
				PRODUCT_NAME = "$(TARGET_NAME)";
				SWIFT_VERSION = 4.0;
				TEST_HOST = "$(BUILT_PRODUCTS_DIR)/HWPGMEKit_Example.app/HWPGMEKit_Example";
				WRAPPER_EXTENSION = xctest;
			};
			name = Release;
		};
/* End XCBuildConfiguration section */

/* Begin XCConfigurationList section */
		6003F585195388D10070C39A /* Build configuration list for PBXProject "HWPGMEKit" */ = {
			isa = XCConfigurationList;
			buildConfigurations = (
				6003F5BD195388D20070C39A /* Debug */,
				6003F5BE195388D20070C39A /* Release */,
			);
			defaultConfigurationIsVisible = 0;
			defaultConfigurationName = Release;
		};
		6003F5BF195388D20070C39A /* Build configuration list for PBXNativeTarget "HWPGMEKit_Example" */ = {
			isa = XCConfigurationList;
			buildConfigurations = (
				6003F5C0195388D20070C39A /* Debug */,
				6003F5C1195388D20070C39A /* Release */,
			);
			defaultConfigurationIsVisible = 0;
			defaultConfigurationName = Release;
		};
		6003F5C2195388D20070C39A /* Build configuration list for PBXNativeTarget "HWPGMEKit_Tests" */ = {
			isa = XCConfigurationList;
			buildConfigurations = (
				6003F5C3195388D20070C39A /* Debug */,
				6003F5C4195388D20070C39A /* Release */,
			);
			defaultConfigurationIsVisible = 0;
			defaultConfigurationName = Release;
		};
/* End XCConfigurationList section */
	};
	rootObject = 6003F582195388D10070C39A /* Project object */;
}
